
Microsoft Visual Studio Solution File, Format Version 12.00
# Visual Studio Version 16
VisualStudioVersion = 16.0.32106.194
MinimumVisualStudioVersion = 10.0.40219.1
Project("{FAE04EC0-301F-11D3-BF4B-00C04F79EFBC}") = "Brushes", "Brushes\Brushes.csproj", "{48BE6817-213E-4A96-B4C0-89054579E002}"
EndProject
Global
	GlobalSection(SolutionConfigurationPlatforms) = preSolution
		Debug|Any CPU = Debug|Any CPU
		Release|Any CPU = Release|Any CPU
	EndGlobalSection
	GlobalSection(ProjectConfigurationPlatforms) = postSolution
		{48BE6817-213E-4A96-B4C0-89054579E002}.Debug|Any CPU.ActiveCfg = Debug|Any CPU
		{48BE6817-213E-4A96-B4C0-89054579E002}.Debug|Any CPU.Build.0 = Debug|Any CPU
		{48BE6817-213E-4A96-B4C0-89054579E002}.Release|Any CPU.ActiveCfg = Release|Any CPU
		{48BE6817-213E-4A96-B4C0-89054579E002}.Release|Any CPU.Build.0 = Release|Any CPU
	EndGlobalSection
	GlobalSection(SolutionProperties) = preSolution
		HideSolutionNode = FALSE
	EndGlobalSection
	GlobalSection(ExtensibilityGlobals) = postSolution
		SolutionGuid = {390E34A2-E34F-4D82-B023-977D1A228AF3}
	EndGlobalSection
EndGlobal
