
Microsoft Visual Studio Solution File, Format Version 12.00
# Visual Studio Version 16
VisualStudioVersion = 16.0.32106.194
MinimumVisualStudioVersion = 10.0.40219.1
Project("{FAE04EC0-301F-11D3-BF4B-00C04F79EFBC}") = "Text", "Text\Text.csproj", "{E2648DC6-C6FE-43F0-8ACF-9027723F25FA}"
EndProject
Global
	GlobalSection(SolutionConfigurationPlatforms) = preSolution
		Debug|Any CPU = Debug|Any CPU
		Release|Any CPU = Release|Any CPU
	EndGlobalSection
	GlobalSection(ProjectConfigurationPlatforms) = postSolution
		{E2648DC6-C6FE-43F0-8ACF-9027723F25FA}.Debug|Any CPU.ActiveCfg = Debug|Any CPU
		{E2648DC6-C6FE-43F0-8ACF-9027723F25FA}.Debug|Any CPU.Build.0 = Debug|Any CPU
		{E2648DC6-C6FE-43F0-8ACF-9027723F25FA}.Release|Any CPU.ActiveCfg = Release|Any CPU
		{E2648DC6-C6FE-43F0-8ACF-9027723F25FA}.Release|Any CPU.Build.0 = Release|Any CPU
	EndGlobalSection
	GlobalSection(SolutionProperties) = preSolution
		HideSolutionNode = FALSE
	EndGlobalSection
	GlobalSection(ExtensibilityGlobals) = postSolution
		SolutionGuid = {D5B196CF-0765-49D1-9C0C-15A219BC65FE}
	EndGlobalSection
EndGlobal
